
Microsoft Visual Studio Solution File, Format Version 12.00
# Visual Studio Version 16
VisualStudioVersion = 16.0.30804.86
MinimumVisualStudioVersion = 10.0.40219.1
Project("{FAE04EC0-301F-11D3-BF4B-00C04F79EFBC}") = "LoanApp", "LoanApp\LoanApp.csproj", "{0E512B11-A768-488A-BD52-CB247B0A7677}"
EndProject
Global
	GlobalSection(SolutionConfigurationPlatforms) = preSolution
		Debug|Any CPU = Debug|Any CPU
		Release|Any CPU = Release|Any CPU
	EndGlobalSection
	GlobalSection(ProjectConfigurationPlatforms) = postSolution
		{0E512B11-A768-488A-BD52-CB247B0A7677}.Debug|Any CPU.ActiveCfg = Debug|Any CPU
		{0E512B11-A768-488A-BD52-CB247B0A7677}.Debug|Any CPU.Build.0 = Debug|Any CPU
		{0E512B11-A768-488A-BD52-CB247B0A7677}.Release|Any CPU.ActiveCfg = Release|Any CPU
		{0E512B11-A768-488A-BD52-CB247B0A7677}.Release|Any CPU.Build.0 = Release|Any CPU
	EndGlobalSection
	GlobalSection(SolutionProperties) = preSolution
		HideSolutionNode = FALSE
	EndGlobalSection
	GlobalSection(ExtensibilityGlobals) = postSolution
		SolutionGuid = {D5B17504-A7B1-4051-B2C7-285A2168D3E6}
	EndGlobalSection
EndGlobal
